// !$*UTF8*$!
{
	archiveVersion = 1;
	classes = {
	};
	objectVersion = 48;
	objects = {

/* Begin PBXBuildFile section */
		1C4EE3E71F9074BB009E6E00 /* AppDelegate.swift in Sources */ = {isa = PBXBuildFile; fileRef = 1C4EE3E61F9074BB009E6E00 /* AppDelegate.swift */; };
		1C4EE3E91F9074BB009E6E00 /* LogInViewController.swift in Sources */ = {isa = PBXBuildFile; fileRef = 1C4EE3E81F9074BB009E6E00 /* LogInViewController.swift */; };
		1C4EE3EC1F9074BB009E6E00 /* Main.storyboard in Resources */ = {isa = PBXBuildFile; fileRef = 1C4EE3EA1F9074BB009E6E00 /* Main.storyboard */; };
		1C4EE3EE1F9074BB009E6E00 /* Assets.xcassets in Resources */ = {isa = PBXBuildFile; fileRef = 1C4EE3ED1F9074BB009E6E00 /* Assets.xcassets */; };
		1C4EE3F11F9074BB009E6E00 /* LaunchScreen.storyboard in Resources */ = {isa = PBXBuildFile; fileRef = 1C4EE3EF1F9074BB009E6E00 /* LaunchScreen.storyboard */; };
		1C4EE3FC1F9074BB009E6E00 /* ClientTravelProjectTests.swift in Sources */ = {isa = PBXBuildFile; fileRef = 1C4EE3FB1F9074BB009E6E00 /* ClientTravelProjectTests.swift */; };
		1C4EE4071F9074BB009E6E00 /* ClientTravelProjectUITests.swift in Sources */ = {isa = PBXBuildFile; fileRef = 1C4EE4061F9074BB009E6E00 /* ClientTravelProjectUITests.swift */; };
		1C4EE4151F9078CE009E6E00 /* NetworkingLayer.swift in Sources */ = {isa = PBXBuildFile; fileRef = 1C4EE4141F9078CE009E6E00 /* NetworkingLayer.swift */; };
		1C4EE4171F915B63009E6E00 /* UserLayer.swift in Sources */ = {isa = PBXBuildFile; fileRef = 1C4EE4161F915B63009E6E00 /* UserLayer.swift */; };
		1C4EE4191F915D6D009E6E00 /* TripsLayer.swift in Sources */ = {isa = PBXBuildFile; fileRef = 1C4EE4181F915D6D009E6E00 /* TripsLayer.swift */; };
/* End PBXBuildFile section */

/* Begin PBXContainerItemProxy section */
		1C4EE3F81F9074BB009E6E00 /* PBXContainerItemProxy */ = {
			isa = PBXContainerItemProxy;
			containerPortal = 1C4EE3DB1F9074BB009E6E00 /* Project object */;
			proxyType = 1;
			remoteGlobalIDString = 1C4EE3E21F9074BB009E6E00;
			remoteInfo = ClientTravelProject;
		};
		1C4EE4031F9074BB009E6E00 /* PBXContainerItemProxy */ = {
			isa = PBXContainerItemProxy;
			containerPortal = 1C4EE3DB1F9074BB009E6E00 /* Project object */;
			proxyType = 1;
			remoteGlobalIDString = 1C4EE3E21F9074BB009E6E00;
			remoteInfo = ClientTravelProject;
		};
/* End PBXContainerItemProxy section */

/* Begin PBXFileReference section */
		1C4EE3E31F9074BB009E6E00 /* ClientTravelProject.app */ = {isa = PBXFileReference; explicitFileType = wrapper.application; includeInIndex = 0; path = ClientTravelProject.app; sourceTree = BUILT_PRODUCTS_DIR; };
		1C4EE3E61F9074BB009E6E00 /* AppDelegate.swift */ = {isa = PBXFileReference; lastKnownFileType = sourcecode.swift; path = AppDelegate.swift; sourceTree = "<group>"; };
		1C4EE3E81F9074BB009E6E00 /* LogInViewController.swift */ = {isa = PBXFileReference; lastKnownFileType = sourcecode.swift; path = LogInViewController.swift; sourceTree = "<group>"; };
		1C4EE3EB1F9074BB009E6E00 /* Base */ = {isa = PBXFileReference; lastKnownFileType = file.storyboard; name = Base; path = Base.lproj/Main.storyboard; sourceTree = "<group>"; };
		1C4EE3ED1F9074BB009E6E00 /* Assets.xcassets */ = {isa = PBXFileReference; lastKnownFileType = folder.assetcatalog; path = Assets.xcassets; sourceTree = "<group>"; };
		1C4EE3F01F9074BB009E6E00 /* Base */ = {isa = PBXFileReference; lastKnownFileType = file.storyboard; name = Base; path = Base.lproj/LaunchScreen.storyboard; sourceTree = "<group>"; };
		1C4EE3F21F9074BB009E6E00 /* Info.plist */ = {isa = PBXFileReference; lastKnownFileType = text.plist.xml; path = Info.plist; sourceTree = "<group>"; };
		1C4EE3F71F9074BB009E6E00 /* ClientTravelProjectTests.xctest */ = {isa = PBXFileReference; explicitFileType = wrapper.cfbundle; includeInIndex = 0; path = ClientTravelProjectTests.xctest; sourceTree = BUILT_PRODUCTS_DIR; };
		1C4EE3FB1F9074BB009E6E00 /* ClientTravelProjectTests.swift */ = {isa = PBXFileReference; lastKnownFileType = sourcecode.swift; path = ClientTravelProjectTests.swift; sourceTree = "<group>"; };
		1C4EE3FD1F9074BB009E6E00 /* Info.plist */ = {isa = PBXFileReference; lastKnownFileType = text.plist.xml; path = Info.plist; sourceTree = "<group>"; };
		1C4EE4021F9074BB009E6E00 /* ClientTravelProjectUITests.xctest */ = {isa = PBXFileReference; explicitFileType = wrapper.cfbundle; includeInIndex = 0; path = ClientTravelProjectUITests.xctest; sourceTree = BUILT_PRODUCTS_DIR; };
		1C4EE4061F9074BB009E6E00 /* ClientTravelProjectUITests.swift */ = {isa = PBXFileReference; lastKnownFileType = sourcecode.swift; path = ClientTravelProjectUITests.swift; sourceTree = "<group>"; };
		1C4EE4081F9074BB009E6E00 /* Info.plist */ = {isa = PBXFileReference; lastKnownFileType = text.plist.xml; path = Info.plist; sourceTree = "<group>"; };
		1C4EE4141F9078CE009E6E00 /* NetworkingLayer.swift */ = {isa = PBXFileReference; lastKnownFileType = sourcecode.swift; path = NetworkingLayer.swift; sourceTree = "<group>"; };
		1C4EE4161F915B63009E6E00 /* UserLayer.swift */ = {isa = PBXFileReference; lastKnownFileType = sourcecode.swift; path = UserLayer.swift; sourceTree = "<group>"; };
		1C4EE4181F915D6D009E6E00 /* TripsLayer.swift */ = {isa = PBXFileReference; lastKnownFileType = sourcecode.swift; path = TripsLayer.swift; sourceTree = "<group>"; };
/* End PBXFileReference section */

/* Begin PBXFrameworksBuildPhase section */
		1C4EE3E01F9074BB009E6E00 /* Frameworks */ = {
			isa = PBXFrameworksBuildPhase;
			buildActionMask = 2147483647;
			files = (
			);
			runOnlyForDeploymentPostprocessing = 0;
		};
		1C4EE3F41F9074BB009E6E00 /* Frameworks */ = {
			isa = PBXFrameworksBuildPhase;
			buildActionMask = 2147483647;
			files = (
			);
			runOnlyForDeploymentPostprocessing = 0;
		};
		1C4EE3FF1F9074BB009E6E00 /* Frameworks */ = {
			isa = PBXFrameworksBuildPhase;
			buildActionMask = 2147483647;
			files = (
			);
			runOnlyForDeploymentPostprocessing = 0;
		};
/* End PBXFrameworksBuildPhase section */

/* Begin PBXGroup section */
		1C4EE3DA1F9074BB009E6E00 = {
			isa = PBXGroup;
			children = (
				1C4EE3E51F9074BB009E6E00 /* ClientTravelProject */,
				1C4EE3FA1F9074BB009E6E00 /* ClientTravelProjectTests */,
				1C4EE4051F9074BB009E6E00 /* ClientTravelProjectUITests */,
				1C4EE3E41F9074BB009E6E00 /* Products */,
			);
			sourceTree = "<group>";
		};
		1C4EE3E41F9074BB009E6E00 /* Products */ = {
			isa = PBXGroup;
			children = (
				1C4EE3E31F9074BB009E6E00 /* ClientTravelProject.app */,
				1C4EE3F71F9074BB009E6E00 /* ClientTravelProjectTests.xctest */,
				1C4EE4021F9074BB009E6E00 /* ClientTravelProjectUITests.xctest */,
			);
			name = Products;
			sourceTree = "<group>";
		};
		1C4EE3E51F9074BB009E6E00 /* ClientTravelProject */ = {
			isa = PBXGroup;
			children = (
				1C4EE3E61F9074BB009E6E00 /* AppDelegate.swift */,
				1C4EE3E81F9074BB009E6E00 /* LogInViewController.swift */,
				1C4EE4141F9078CE009E6E00 /* NetworkingLayer.swift */,
				1C4EE4161F915B63009E6E00 /* UserLayer.swift */,
				1C4EE4181F915D6D009E6E00 /* TripsLayer.swift */,
				1C4EE3EA1F9074BB009E6E00 /* Main.storyboard */,
				1C4EE3ED1F9074BB009E6E00 /* Assets.xcassets */,
				1C4EE3EF1F9074BB009E6E00 /* LaunchScreen.storyboard */,
				1C4EE3F21F9074BB009E6E00 /* Info.plist */,
			);
			path = ClientTravelProject;
			sourceTree = "<group>";
		};
		1C4EE3FA1F9074BB009E6E00 /* ClientTravelProjectTests */ = {
			isa = PBXGroup;
			children = (
				1C4EE3FB1F9074BB009E6E00 /* ClientTravelProjectTests.swift */,
				1C4EE3FD1F9074BB009E6E00 /* Info.plist */,
			);
			path = ClientTravelProjectTests;
			sourceTree = "<group>";
		};
		1C4EE4051F9074BB009E6E00 /* ClientTravelProjectUITests */ = {
			isa = PBXGroup;
			children = (
				1C4EE4061F9074BB009E6E00 /* ClientTravelProjectUITests.swift */,
				1C4EE4081F9074BB009E6E00 /* Info.plist */,
			);
			path = ClientTravelProjectUITests;
			sourceTree = "<group>";
		};
/* End PBXGroup section */

/* Begin PBXNativeTarget section */
		1C4EE3E21F9074BB009E6E00 /* ClientTravelProject */ = {
			isa = PBXNativeTarget;
			buildConfigurationList = 1C4EE40B1F9074BB009E6E00 /* Build configuration list for PBXNativeTarget "ClientTravelProject" */;
			buildPhases = (
				1C4EE3DF1F9074BB009E6E00 /* Sources */,
				1C4EE3E01F9074BB009E6E00 /* Frameworks */,
				1C4EE3E11F9074BB009E6E00 /* Resources */,
			);
			buildRules = (
			);
			dependencies = (
			);
			name = ClientTravelProject;
			productName = ClientTravelProject;
			productReference = 1C4EE3E31F9074BB009E6E00 /* ClientTravelProject.app */;
			productType = "com.apple.product-type.application";
		};
		1C4EE3F61F9074BB009E6E00 /* ClientTravelProjectTests */ = {
			isa = PBXNativeTarget;
			buildConfigurationList = 1C4EE40E1F9074BB009E6E00 /* Build configuration list for PBXNativeTarget "ClientTravelProjectTests" */;
			buildPhases = (
				1C4EE3F31F9074BB009E6E00 /* Sources */,
				1C4EE3F41F9074BB009E6E00 /* Frameworks */,
				1C4EE3F51F9074BB009E6E00 /* Resources */,
			);
			buildRules = (
			);
			dependencies = (
				1C4EE3F91F9074BB009E6E00 /* PBXTargetDependency */,
			);
			name = ClientTravelProjectTests;
			productName = ClientTravelProjectTests;
			productReference = 1C4EE3F71F9074BB009E6E00 /* ClientTravelProjectTests.xctest */;
			productType = "com.apple.product-type.bundle.unit-test";
		};
		1C4EE4011F9074BB009E6E00 /* ClientTravelProjectUITests */ = {
			isa = PBXNativeTarget;
			buildConfigurationList = 1C4EE4111F9074BB009E6E00 /* Build configuration list for PBXNativeTarget "ClientTravelProjectUITests" */;
			buildPhases = (
				1C4EE3FE1F9074BB009E6E00 /* Sources */,
				1C4EE3FF1F9074BB009E6E00 /* Frameworks */,
				1C4EE4001F9074BB009E6E00 /* Resources */,
			);
			buildRules = (
			);
			dependencies = (
				1C4EE4041F9074BB009E6E00 /* PBXTargetDependency */,
			);
			name = ClientTravelProjectUITests;
			productName = ClientTravelProjectUITests;
			productReference = 1C4EE4021F9074BB009E6E00 /* ClientTravelProjectUITests.xctest */;
			productType = "com.apple.product-type.bundle.ui-testing";
		};
/* End PBXNativeTarget section */

/* Begin PBXProject section */
		1C4EE3DB1F9074BB009E6E00 /* Project object */ = {
			isa = PBXProject;
			attributes = {
				LastSwiftUpdateCheck = 0900;
				LastUpgradeCheck = 0900;
				ORGANIZATIONNAME = "Matthew Harrilal";
				TargetAttributes = {
					1C4EE3E21F9074BB009E6E00 = {
						CreatedOnToolsVersion = 9.0;
						ProvisioningStyle = Automatic;
					};
					1C4EE3F61F9074BB009E6E00 = {
						CreatedOnToolsVersion = 9.0;
						ProvisioningStyle = Automatic;
						TestTargetID = 1C4EE3E21F9074BB009E6E00;
					};
					1C4EE4011F9074BB009E6E00 = {
						CreatedOnToolsVersion = 9.0;
						ProvisioningStyle = Automatic;
						TestTargetID = 1C4EE3E21F9074BB009E6E00;
					};
				};
			};
			buildConfigurationList = 1C4EE3DE1F9074BB009E6E00 /* Build configuration list for PBXProject "ClientTravelProject" */;
			compatibilityVersion = "Xcode 8.0";
			developmentRegion = en;
			hasScannedForEncodings = 0;
			knownRegions = (
				en,
				Base,
			);
			mainGroup = 1C4EE3DA1F9074BB009E6E00;
			productRefGroup = 1C4EE3E41F9074BB009E6E00 /* Products */;
			projectDirPath = "";
			projectRoot = "";
			targets = (
				1C4EE3E21F9074BB009E6E00 /* ClientTravelProject */,
				1C4EE3F61F9074BB009E6E00 /* ClientTravelProjectTests */,
				1C4EE4011F9074BB009E6E00 /* ClientTravelProjectUITests */,
			);
		};
/* End PBXProject section */

/* Begin PBXResourcesBuildPhase section */
		1C4EE3E11F9074BB009E6E00 /* Resources */ = {
			isa = PBXResourcesBuildPhase;
			buildActionMask = 2147483647;
			files = (
				1C4EE3F11F9074BB009E6E00 /* LaunchScreen.storyboard in Resources */,
				1C4EE3EE1F9074BB009E6E00 /* Assets.xcassets in Resources */,
				1C4EE3EC1F9074BB009E6E00 /* Main.storyboard in Resources */,
			);
			runOnlyForDeploymentPostprocessing = 0;
		};
		1C4EE3F51F9074BB009E6E00 /* Resources */ = {
			isa = PBXResourcesBuildPhase;
			buildActionMask = 2147483647;
			files = (
			);
			runOnlyForDeploymentPostprocessing = 0;
		};
		1C4EE4001F9074BB009E6E00 /* Resources */ = {
			isa = PBXResourcesBuildPhase;
			buildActionMask = 2147483647;
			files = (
			);
			runOnlyForDeploymentPostprocessing = 0;
		};
/* End PBXResourcesBuildPhase section */

/* Begin PBXSourcesBuildPhase section */
		1C4EE3DF1F9074BB009E6E00 /* Sources */ = {
			isa = PBXSourcesBuildPhase;
			buildActionMask = 2147483647;
			files = (
				1C4EE4191F915D6D009E6E00 /* TripsLayer.swift in Sources */,
				1C4EE3E91F9074BB009E6E00 /* LogInViewController.swift in Sources */,
				1C4EE4151F9078CE009E6E00 /* NetworkingLayer.swift in Sources */,
				1C4EE4171F915B63009E6E00 /* UserLayer.swift in Sources */,
				1C4EE3E71F9074BB009E6E00 /* AppDelegate.swift in Sources */,
			);
			runOnlyForDeploymentPostprocessing = 0;
		};
		1C4EE3F31F9074BB009E6E00 /* Sources */ = {
			isa = PBXSourcesBuildPhase;
			buildActionMask = 2147483647;
			files = (
				1C4EE3FC1F9074BB009E6E00 /* ClientTravelProjectTests.swift in Sources */,
			);
			runOnlyForDeploymentPostprocessing = 0;
		};
		1C4EE3FE1F9074BB009E6E00 /* Sources */ = {
			isa = PBXSourcesBuildPhase;
			buildActionMask = 2147483647;
			files = (
				1C4EE4071F9074BB009E6E00 /* ClientTravelProjectUITests.swift in Sources */,
			);
			runOnlyForDeploymentPostprocessing = 0;
		};
/* End PBXSourcesBuildPhase section */

/* Begin PBXTargetDependency section */
		1C4EE3F91F9074BB009E6E00 /* PBXTargetDependency */ = {
			isa = PBXTargetDependency;
			target = 1C4EE3E21F9074BB009E6E00 /* ClientTravelProject */;
			targetProxy = 1C4EE3F81F9074BB009E6E00 /* PBXContainerItemProxy */;
		};
		1C4EE4041F9074BB009E6E00 /* PBXTargetDependency */ = {
			isa = PBXTargetDependency;
			target = 1C4EE3E21F9074BB009E6E00 /* ClientTravelProject */;
			targetProxy = 1C4EE4031F9074BB009E6E00 /* PBXContainerItemProxy */;
		};
/* End PBXTargetDependency section */

/* Begin PBXVariantGroup section */
		1C4EE3EA1F9074BB009E6E00 /* Main.storyboard */ = {
			isa = PBXVariantGroup;
			children = (
				1C4EE3EB1F9074BB009E6E00 /* Base */,
			);
			name = Main.storyboard;
			sourceTree = "<group>";
		};
		1C4EE3EF1F9074BB009E6E00 /* LaunchScreen.storyboard */ = {
			isa = PBXVariantGroup;
			children = (
				1C4EE3F01F9074BB009E6E00 /* Base */,
			);
			name = LaunchScreen.storyboard;
			sourceTree = "<group>";
		};
/* End PBXVariantGroup section */

/* Begin XCBuildConfiguration section */
		1C4EE4091F9074BB009E6E00 /* Debug */ = {
			isa = XCBuildConfiguration;
			buildSettings = {
				ALWAYS_SEARCH_USER_PATHS = NO;
				CLANG_ANALYZER_NONNULL = YES;
				CLANG_ANALYZER_NUMBER_OBJECT_CONVERSION = YES_AGGRESSIVE;
				CLANG_CXX_LANGUAGE_STANDARD = "gnu++14";
				CLANG_CXX_LIBRARY = "libc++";
				CLANG_ENABLE_MODULES = YES;
				CLANG_ENABLE_OBJC_ARC = YES;
				CLANG_WARN_BLOCK_CAPTURE_AUTORELEASING = YES;
				CLANG_WARN_BOOL_CONVERSION = YES;
				CLANG_WARN_COMMA = YES;
				CLANG_WARN_CONSTANT_CONVERSION = YES;
				CLANG_WARN_DIRECT_OBJC_ISA_USAGE = YES_ERROR;
				CLANG_WARN_DOCUMENTATION_COMMENTS = YES;
				CLANG_WARN_EMPTY_BODY = YES;
				CLANG_WARN_ENUM_CONVERSION = YES;
				CLANG_WARN_INFINITE_RECURSION = YES;
				CLANG_WARN_INT_CONVERSION = YES;
				CLANG_WARN_NON_LITERAL_NULL_CONVERSION = YES;
				CLANG_WARN_OBJC_LITERAL_CONVERSION = YES;
				CLANG_WARN_OBJC_ROOT_CLASS = YES_ERROR;
				CLANG_WARN_RANGE_LOOP_ANALYSIS = YES;
				CLANG_WARN_STRICT_PROTOTYPES = YES;
				CLANG_WARN_SUSPICIOUS_MOVE = YES;
				CLANG_WARN_UNGUARDED_AVAILABILITY = YES_AGGRESSIVE;
				CLANG_WARN_UNREACHABLE_CODE = YES;
				CLANG_WARN__DUPLICATE_METHOD_MATCH = YES;
				CODE_SIGN_IDENTITY = "iPhone Developer";
				COPY_PHASE_STRIP = NO;
				DEBUG_INFORMATION_FORMAT = dwarf;
				ENABLE_STRICT_OBJC_MSGSEND = YES;
				ENABLE_TESTABILITY = YES;
				GCC_C_LANGUAGE_STANDARD = gnu11;
				GCC_DYNAMIC_NO_PIC = NO;
				GCC_NO_COMMON_BLOCKS = YES;
				GCC_OPTIMIZATION_LEVEL = 0;
				GCC_PREPROCESSOR_DEFINITIONS = (
					"DEBUG=1",
					"$(inherited)",
				);
				GCC_WARN_64_TO_32_BIT_CONVERSION = YES;
				GCC_WARN_ABOUT_RETURN_TYPE = YES_ERROR;
				GCC_WARN_UNDECLARED_SELECTOR = YES;
				GCC_WARN_UNINITIALIZED_AUTOS = YES_AGGRESSIVE;
				GCC_WARN_UNUSED_FUNCTION = YES;
				GCC_WARN_UNUSED_VARIABLE = YES;
				IPHONEOS_DEPLOYMENT_TARGET = 11.0;
				MTL_ENABLE_DEBUG_INFO = YES;
				ONLY_ACTIVE_ARCH = YES;
				SDKROOT = iphoneos;
				SWIFT_ACTIVE_COMPILATION_CONDITIONS = DEBUG;
				SWIFT_OPTIMIZATION_LEVEL = "-Onone";
			};
			name = Debug;
		};
		1C4EE40A1F9074BB009E6E00 /* Release */ = {
			isa = XCBuildConfiguration;
			buildSettings = {
				ALWAYS_SEARCH_USER_PATHS = NO;
				CLANG_ANALYZER_NONNULL = YES;
				CLANG_ANALYZER_NUMBER_OBJECT_CONVERSION = YES_AGGRESSIVE;
				CLANG_CXX_LANGUAGE_STANDARD = "gnu++14";
				CLANG_CXX_LIBRARY = "libc++";
				CLANG_ENABLE_MODULES = YES;
				CLANG_ENABLE_OBJC_ARC = YES;
				CLANG_WARN_BLOCK_CAPTURE_AUTORELEASING = YES;
				CLANG_WARN_BOOL_CONVERSION = YES;
				CLANG_WARN_COMMA = YES;
				CLANG_WARN_CONSTANT_CONVERSION = YES;
				CLANG_WARN_DIRECT_OBJC_ISA_USAGE = YES_ERROR;
				CLANG_WARN_DOCUMENTATION_COMMENTS = YES;
				CLANG_WARN_EMPTY_BODY = YES;
				CLANG_WARN_ENUM_CONVERSION = YES;
				CLANG_WARN_INFINITE_RECURSION = YES;
				CLANG_WARN_INT_CONVERSION = YES;
				CLANG_WARN_NON_LITERAL_NULL_CONVERSION = YES;
				CLANG_WARN_OBJC_LITERAL_CONVERSION = YES;
				CLANG_WARN_OBJC_ROOT_CLASS = YES_ERROR;
				CLANG_WARN_RANGE_LOOP_ANALYSIS = YES;
				CLANG_WARN_STRICT_PROTOTYPES = YES;
				CLANG_WARN_SUSPICIOUS_MOVE = YES;
				CLANG_WARN_UNGUARDED_AVAILABILITY = YES_AGGRESSIVE;
				CLANG_WARN_UNREACHABLE_CODE = YES;
				CLANG_WARN__DUPLICATE_METHOD_MATCH = YES;
				CODE_SIGN_IDENTITY = "iPhone Developer";
				COPY_PHASE_STRIP = NO;
				DEBUG_INFORMATION_FORMAT = "dwarf-with-dsym";
				ENABLE_NS_ASSERTIONS = NO;
				ENABLE_STRICT_OBJC_MSGSEND = YES;
				GCC_C_LANGUAGE_STANDARD = gnu11;
				GCC_NO_COMMON_BLOCKS = YES;
				GCC_WARN_64_TO_32_BIT_CONVERSION = YES;
				GCC_WARN_ABOUT_RETURN_TYPE = YES_ERROR;
				GCC_WARN_UNDECLARED_SELECTOR = YES;
				GCC_WARN_UNINITIALIZED_AUTOS = YES_AGGRESSIVE;
				GCC_WARN_UNUSED_FUNCTION = YES;
				GCC_WARN_UNUSED_VARIABLE = YES;
				IPHONEOS_DEPLOYMENT_TARGET = 11.0;
				MTL_ENABLE_DEBUG_INFO = NO;
				SDKROOT = iphoneos;
				SWIFT_OPTIMIZATION_LEVEL = "-Owholemodule";
				VALIDATE_PRODUCT = YES;
			};
			name = Release;
		};
		1C4EE40C1F9074BB009E6E00 /* Debug */ = {
			isa = XCBuildConfiguration;
			buildSettings = {
				ASSETCATALOG_COMPILER_APPICON_NAME = AppIcon;
				CODE_SIGN_STYLE = Automatic;
				DEVELOPMENT_TEAM = R4WEEFNVWZ;
				INFOPLIST_FILE = ClientTravelProject/Info.plist;
				LD_RUNPATH_SEARCH_PATHS = "$(inherited) @executable_path/Frameworks";
				PRODUCT_BUNDLE_IDENTIFIER = m.ClientTravelProject;
				PRODUCT_NAME = "$(TARGET_NAME)";
				SWIFT_VERSION = 4.0;
				TARGETED_DEVICE_FAMILY = "1,2";
			};
			name = Debug;
		};
		1C4EE40D1F9074BB009E6E00 /* Release */ = {
			isa = XCBuildConfiguration;
			buildSettings = {
				ASSETCATALOG_COMPILER_APPICON_NAME = AppIcon;
				CODE_SIGN_STYLE = Automatic;
				DEVELOPMENT_TEAM = R4WEEFNVWZ;
				INFOPLIST_FILE = ClientTravelProject/Info.plist;
				LD_RUNPATH_SEARCH_PATHS = "$(inherited) @executable_path/Frameworks";
				PRODUCT_BUNDLE_IDENTIFIER = m.ClientTravelProject;
				PRODUCT_NAME = "$(TARGET_NAME)";
				SWIFT_VERSION = 4.0;
				TARGETED_DEVICE_FAMILY = "1,2";
			};
			name = Release;
		};
		1C4EE40F1F9074BB009E6E00 /* Debug */ = {
			isa = XCBuildConfiguration;
			buildSettings = {
				ALWAYS_EMBED_SWIFT_STANDARD_LIBRARIES = YES;
				BUNDLE_LOADER = "$(TEST_HOST)";
				CODE_SIGN_STYLE = Automatic;
				INFOPLIST_FILE = ClientTravelProjectTests/Info.plist;
				LD_RUNPATH_SEARCH_PATHS = "$(inherited) @executable_path/Frameworks @loader_path/Frameworks";
				PRODUCT_BUNDLE_IDENTIFIER = m.ClientTravelProjectTests;
				PRODUCT_NAME = "$(TARGET_NAME)";
				SWIFT_VERSION = 4.0;
				TARGETED_DEVICE_FAMILY = "1,2";
				TEST_HOST = "$(BUILT_PRODUCTS_DIR)/ClientTravelProject.app/ClientTravelProject";
			};
			name = Debug;
		};
		1C4EE4101F9074BB009E6E00 /* Release */ = {
			isa = XCBuildConfiguration;
			buildSettings = {
				ALWAYS_EMBED_SWIFT_STANDARD_LIBRARIES = YES;
				BUNDLE_LOADER = "$(TEST_HOST)";
				CODE_SIGN_STYLE = Automatic;
				INFOPLIST_FILE = ClientTravelProjectTests/Info.plist;
				LD_RUNPATH_SEARCH_PATHS = "$(inherited) @executable_path/Frameworks @loader_path/Frameworks";
				PRODUCT_BUNDLE_IDENTIFIER = m.ClientTravelProjectTests;
				PRODUCT_NAME = "$(TARGET_NAME)";
				SWIFT_VERSION = 4.0;
				TARGETED_DEVICE_FAMILY = "1,2";
				TEST_HOST = "$(BUILT_PRODUCTS_DIR)/ClientTravelProject.app/ClientTravelProject";
			};
			name = Release;
		};
		1C4EE4121F9074BB009E6E00 /* Debug */ = {
			isa = XCBuildConfiguration;
			buildSettings = {
				ALWAYS_EMBED_SWIFT_STANDARD_LIBRARIES = YES;
				CODE_SIGN_STYLE = Automatic;
				INFOPLIST_FILE = ClientTravelProjectUITests/Info.plist;
				LD_RUNPATH_SEARCH_PATHS = "$(inherited) @executable_path/Frameworks @loader_path/Frameworks";
				PRODUCT_BUNDLE_IDENTIFIER = m.ClientTravelProjectUITests;
				PRODUCT_NAME = "$(TARGET_NAME)";
				SWIFT_VERSION = 4.0;
				TARGETED_DEVICE_FAMILY = "1,2";
				TEST_TARGET_NAME = ClientTravelProject;
			};
			name = Debug;
		};
		1C4EE4131F9074BB009E6E00 /* Release */ = {
			isa = XCBuildConfiguration;
			buildSettings = {
				ALWAYS_EMBED_SWIFT_STANDARD_LIBRARIES = YES;
				CODE_SIGN_STYLE = Automatic;
				INFOPLIST_FILE = ClientTravelProjectUITests/Info.plist;
				LD_RUNPATH_SEARCH_PATHS = "$(inherited) @executable_path/Frameworks @loader_path/Frameworks";
				PRODUCT_BUNDLE_IDENTIFIER = m.ClientTravelProjectUITests;
				PRODUCT_NAME = "$(TARGET_NAME)";
				SWIFT_VERSION = 4.0;
				TARGETED_DEVICE_FAMILY = "1,2";
				TEST_TARGET_NAME = ClientTravelProject;
			};
			name = Release;
		};
/* End XCBuildConfiguration section */

/* Begin XCConfigurationList section */
		1C4EE3DE1F9074BB009E6E00 /* Build configuration list for PBXProject "ClientTravelProject" */ = {
			isa = XCConfigurationList;
			buildConfigurations = (
				1C4EE4091F9074BB009E6E00 /* Debug */,
				1C4EE40A1F9074BB009E6E00 /* Release */,
			);
			defaultConfigurationIsVisible = 0;
			defaultConfigurationName = Release;
		};
		1C4EE40B1F9074BB009E6E00 /* Build configuration list for PBXNativeTarget "ClientTravelProject" */ = {
			isa = XCConfigurationList;
			buildConfigurations = (
				1C4EE40C1F9074BB009E6E00 /* Debug */,
				1C4EE40D1F9074BB009E6E00 /* Release */,
			);
			defaultConfigurationIsVisible = 0;
			defaultConfigurationName = Release;
		};
		1C4EE40E1F9074BB009E6E00 /* Build configuration list for PBXNativeTarget "ClientTravelProjectTests" */ = {
			isa = XCConfigurationList;
			buildConfigurations = (
				1C4EE40F1F9074BB009E6E00 /* Debug */,
				1C4EE4101F9074BB009E6E00 /* Release */,
			);
			defaultConfigurationIsVisible = 0;
			defaultConfigurationName = Release;
		};
		1C4EE4111F9074BB009E6E00 /* Build configuration list for PBXNativeTarget "ClientTravelProjectUITests" */ = {
			isa = XCConfigurationList;
			buildConfigurations = (
				1C4EE4121F9074BB009E6E00 /* Debug */,
				1C4EE4131F9074BB009E6E00 /* Release */,
			);
			defaultConfigurationIsVisible = 0;
			defaultConfigurationName = Release;
		};
/* End XCConfigurationList section */
	};
	rootObject = 1C4EE3DB1F9074BB009E6E00 /* Project object */;
}
